
Microsoft Visual Studio Solution File, Format Version 12.00
# Visual Studio Version 16
VisualStudioVersion = 16.0.29001.49
MinimumVisualStudioVersion = 10.0.40219.1
Project("{FAE04EC0-301F-11D3-BF4B-00C04F79EFBC}") = "Moving Picture", "Moving Picture\Moving Picture.csproj", "{779B5F56-EE17-4FEE-B20C-04E849E189C9}"
EndProject
Global
	GlobalSection(SolutionConfigurationPlatforms) = preSolution
		Debug|Any CPU = Debug|Any CPU
		Release|Any CPU = Release|Any CPU
	EndGlobalSection
	GlobalSection(ProjectConfigurationPlatforms) = postSolution
		{779B5F56-EE17-4FEE-B20C-04E849E189C9}.Debug|Any CPU.ActiveCfg = Debug|Any CPU
		{779B5F56-EE17-4FEE-B20C-04E849E189C9}.Debug|Any CPU.Build.0 = Debug|Any CPU
		{779B5F56-EE17-4FEE-B20C-04E849E189C9}.Release|Any CPU.ActiveCfg = Release|Any CPU
		{779B5F56-EE17-4FEE-B20C-04E849E189C9}.Release|Any CPU.Build.0 = Release|Any CPU
	EndGlobalSection
	GlobalSection(SolutionProperties) = preSolution
		HideSolutionNode = FALSE
	EndGlobalSection
	GlobalSection(ExtensibilityGlobals) = postSolution
		SolutionGuid = {7B534708-6C4E-4296-B66F-4A2DCA72444B}
	EndGlobalSection
EndGlobal
